// !$*UTF8*$!
{
	archiveVersion = 1;
	classes = {
	};
	objectVersion = 50;
	objects = {

/* Begin PBXBuildFile section */
		3C4B144721F576F700C7A443 /* Rubik-Bold.ttf in Resources */ = {isa = PBXBuildFile; fileRef = 3C4B143D21F576F600C7A443 /* Rubik-Bold.ttf */; };
		3C4B144821F576F700C7A443 /* Rubik-Medium.ttf in Resources */ = {isa = PBXBuildFile; fileRef = 3C4B143E21F576F700C7A443 /* Rubik-Medium.ttf */; };
		3C4B144921F576F700C7A443 /* Rubik-Regular.ttf in Resources */ = {isa = PBXBuildFile; fileRef = 3C4B143F21F576F700C7A443 /* Rubik-Regular.ttf */; };
		3C4B144A21F576F700C7A443 /* Rubik-LightItalic.ttf in Resources */ = {isa = PBXBuildFile; fileRef = 3C4B144021F576F700C7A443 /* Rubik-LightItalic.ttf */; };
		3C4B144B21F576F700C7A443 /* Rubik-Black.ttf in Resources */ = {isa = PBXBuildFile; fileRef = 3C4B144121F576F700C7A443 /* Rubik-Black.ttf */; };
		3C4B144C21F576F700C7A443 /* Rubik-MediumItalic.ttf in Resources */ = {isa = PBXBuildFile; fileRef = 3C4B144221F576F700C7A443 /* Rubik-MediumItalic.ttf */; };
		3C4B144D21F576F700C7A443 /* Rubik-Light.ttf in Resources */ = {isa = PBXBuildFile; fileRef = 3C4B144321F576F700C7A443 /* Rubik-Light.ttf */; };
		3C4B144E21F576F700C7A443 /* Rubik-Italic.ttf in Resources */ = {isa = PBXBuildFile; fileRef = 3C4B144421F576F700C7A443 /* Rubik-Italic.ttf */; };
		3C4B144F21F576F700C7A443 /* Rubik-BoldItalic.ttf in Resources */ = {isa = PBXBuildFile; fileRef = 3C4B144521F576F700C7A443 /* Rubik-BoldItalic.ttf */; };
		3C4B145021F576F700C7A443 /* Rubik-BlackItalic.ttf in Resources */ = {isa = PBXBuildFile; fileRef = 3C4B144621F576F700C7A443 /* Rubik-BlackItalic.ttf */; };
		3C4B145221F57DC200C7A443 /* UINavigationControllerExtensions.swift in Sources */ = {isa = PBXBuildFile; fileRef = 3C4B145121F57DC200C7A443 /* UINavigationControllerExtensions.swift */; };
		3C83D26B21F54FA900115672 /* RestaurantDetailsHeaderView.swift in Sources */ = {isa = PBXBuildFile; fileRef = 3C83D26A21F54FA900115672 /* RestaurantDetailsHeaderView.swift */; };
		3C83D26D21F5650400115672 /* RestaurantDetailsIconTextCell.swift in Sources */ = {isa = PBXBuildFile; fileRef = 3C83D26C21F5650400115672 /* RestaurantDetailsIconTextCell.swift */; };
		3C83D26F21F5669900115672 /* RestaurantDetailsTextCell.swift in Sources */ = {isa = PBXBuildFile; fileRef = 3C83D26E21F5669900115672 /* RestaurantDetailsTextCell.swift */; };
		3C83D27421F573ED00115672 /* UIColorExtensions.swift in Sources */ = {isa = PBXBuildFile; fileRef = 3C83D27321F573ED00115672 /* UIColorExtensions.swift */; };
		3C980D5821EC0D0300C35739 /* AppDelegate.swift in Sources */ = {isa = PBXBuildFile; fileRef = 3C980D5721EC0D0300C35739 /* AppDelegate.swift */; };
		3C980D5D21EC0D0400C35739 /* Main.storyboard in Resources */ = {isa = PBXBuildFile; fileRef = 3C980D5B21EC0D0400C35739 /* Main.storyboard */; };
		3C980D5F21EC0D0500C35739 /* Assets.xcassets in Resources */ = {isa = PBXBuildFile; fileRef = 3C980D5E21EC0D0500C35739 /* Assets.xcassets */; };
		3C980D6221EC0D0500C35739 /* LaunchScreen.storyboard in Resources */ = {isa = PBXBuildFile; fileRef = 3C980D6021EC0D0500C35739 /* LaunchScreen.storyboard */; };
		3C980D6A21EC0E8B00C35739 /* RestaurantsTableViewController.swift in Sources */ = {isa = PBXBuildFile; fileRef = 3C980D6921EC0E8B00C35739 /* RestaurantsTableViewController.swift */; };
		3C980D6C21EC0EA200C35739 /* RestaurantsTableViewCell.swift in Sources */ = {isa = PBXBuildFile; fileRef = 3C980D6B21EC0EA200C35739 /* RestaurantsTableViewCell.swift */; };
		3C980D6E21EC2B9400C35739 /* Restaurant.swift in Sources */ = {isa = PBXBuildFile; fileRef = 3C980D6D21EC2B9400C35739 /* Restaurant.swift */; };
		3C980D7021EC2DC900C35739 /* RestaurantDetailsViewController.swift in Sources */ = {isa = PBXBuildFile; fileRef = 3C980D6F21EC2DC900C35739 /* RestaurantDetailsViewController.swift */; };
/* End PBXBuildFile section */

/* Begin PBXFileReference section */
		3C4B143D21F576F600C7A443 /* Rubik-Bold.ttf */ = {isa = PBXFileReference; lastKnownFileType = file; path = "Rubik-Bold.ttf"; sourceTree = "<group>"; };
		3C4B143E21F576F700C7A443 /* Rubik-Medium.ttf */ = {isa = PBXFileReference; lastKnownFileType = file; path = "Rubik-Medium.ttf"; sourceTree = "<group>"; };
		3C4B143F21F576F700C7A443 /* Rubik-Regular.ttf */ = {isa = PBXFileReference; lastKnownFileType = file; path = "Rubik-Regular.ttf"; sourceTree = "<group>"; };
		3C4B144021F576F700C7A443 /* Rubik-LightItalic.ttf */ = {isa = PBXFileReference; lastKnownFileType = file; path = "Rubik-LightItalic.ttf"; sourceTree = "<group>"; };
		3C4B144121F576F700C7A443 /* Rubik-Black.ttf */ = {isa = PBXFileReference; lastKnownFileType = file; path = "Rubik-Black.ttf"; sourceTree = "<group>"; };
		3C4B144221F576F700C7A443 /* Rubik-MediumItalic.ttf */ = {isa = PBXFileReference; lastKnownFileType = file; path = "Rubik-MediumItalic.ttf"; sourceTree = "<group>"; };
		3C4B144321F576F700C7A443 /* Rubik-Light.ttf */ = {isa = PBXFileReference; lastKnownFileType = file; path = "Rubik-Light.ttf"; sourceTree = "<group>"; };
		3C4B144421F576F700C7A443 /* Rubik-Italic.ttf */ = {isa = PBXFileReference; lastKnownFileType = file; path = "Rubik-Italic.ttf"; sourceTree = "<group>"; };
		3C4B144521F576F700C7A443 /* Rubik-BoldItalic.ttf */ = {isa = PBXFileReference; lastKnownFileType = file; path = "Rubik-BoldItalic.ttf"; sourceTree = "<group>"; };
		3C4B144621F576F700C7A443 /* Rubik-BlackItalic.ttf */ = {isa = PBXFileReference; lastKnownFileType = file; path = "Rubik-BlackItalic.ttf"; sourceTree = "<group>"; };
		3C4B145121F57DC200C7A443 /* UINavigationControllerExtensions.swift */ = {isa = PBXFileReference; lastKnownFileType = sourcecode.swift; path = UINavigationControllerExtensions.swift; sourceTree = "<group>"; };
		3C83D26A21F54FA900115672 /* RestaurantDetailsHeaderView.swift */ = {isa = PBXFileReference; lastKnownFileType = sourcecode.swift; path = RestaurantDetailsHeaderView.swift; sourceTree = "<group>"; };
		3C83D26C21F5650400115672 /* RestaurantDetailsIconTextCell.swift */ = {isa = PBXFileReference; lastKnownFileType = sourcecode.swift; path = RestaurantDetailsIconTextCell.swift; sourceTree = "<group>"; };
		3C83D26E21F5669900115672 /* RestaurantDetailsTextCell.swift */ = {isa = PBXFileReference; lastKnownFileType = sourcecode.swift; path = RestaurantDetailsTextCell.swift; sourceTree = "<group>"; };
		3C83D27321F573ED00115672 /* UIColorExtensions.swift */ = {isa = PBXFileReference; lastKnownFileType = sourcecode.swift; path = UIColorExtensions.swift; sourceTree = "<group>"; };
		3C980D5421EC0D0300C35739 /* FoodPin.app */ = {isa = PBXFileReference; explicitFileType = wrapper.application; includeInIndex = 0; path = FoodPin.app; sourceTree = BUILT_PRODUCTS_DIR; };
		3C980D5721EC0D0300C35739 /* AppDelegate.swift */ = {isa = PBXFileReference; lastKnownFileType = sourcecode.swift; path = AppDelegate.swift; sourceTree = "<group>"; };
		3C980D5C21EC0D0400C35739 /* Base */ = {isa = PBXFileReference; lastKnownFileType = file.storyboard; name = Base; path = Base.lproj/Main.storyboard; sourceTree = "<group>"; };
		3C980D5E21EC0D0500C35739 /* Assets.xcassets */ = {isa = PBXFileReference; lastKnownFileType = folder.assetcatalog; path = Assets.xcassets; sourceTree = "<group>"; };
		3C980D6121EC0D0500C35739 /* Base */ = {isa = PBXFileReference; lastKnownFileType = file.storyboard; name = Base; path = Base.lproj/LaunchScreen.storyboard; sourceTree = "<group>"; };
		3C980D6321EC0D0500C35739 /* Info.plist */ = {isa = PBXFileReference; lastKnownFileType = text.plist.xml; path = Info.plist; sourceTree = "<group>"; };
		3C980D6921EC0E8B00C35739 /* RestaurantsTableViewController.swift */ = {isa = PBXFileReference; lastKnownFileType = sourcecode.swift; path = RestaurantsTableViewController.swift; sourceTree = "<group>"; };
		3C980D6B21EC0EA200C35739 /* RestaurantsTableViewCell.swift */ = {isa = PBXFileReference; lastKnownFileType = sourcecode.swift; path = RestaurantsTableViewCell.swift; sourceTree = "<group>"; };
		3C980D6D21EC2B9400C35739 /* Restaurant.swift */ = {isa = PBXFileReference; lastKnownFileType = sourcecode.swift; path = Restaurant.swift; sourceTree = "<group>"; };
		3C980D6F21EC2DC900C35739 /* RestaurantDetailsViewController.swift */ = {isa = PBXFileReference; lastKnownFileType = sourcecode.swift; path = RestaurantDetailsViewController.swift; sourceTree = "<group>"; };
/* End PBXFileReference section */

/* Begin PBXFrameworksBuildPhase section */
		3C980D5121EC0D0300C35739 /* Frameworks */ = {
			isa = PBXFrameworksBuildPhase;
			buildActionMask = 2147483647;
			files = (
			);
			runOnlyForDeploymentPostprocessing = 0;
		};
/* End PBXFrameworksBuildPhase section */

/* Begin PBXGroup section */
		3C83D25121F5474A00115672 /* Resources */ = {
			isa = PBXGroup;
			children = (
				3C83D25221F5475600115672 /* Fonts */,
			);
			path = Resources;
			sourceTree = "<group>";
		};
		3C83D25221F5475600115672 /* Fonts */ = {
			isa = PBXGroup;
			children = (
				3C83D25321F5476B00115672 /* Rubik */,
			);
			path = Fonts;
			sourceTree = "<group>";
		};
		3C83D25321F5476B00115672 /* Rubik */ = {
			isa = PBXGroup;
			children = (
				3C4B144121F576F700C7A443 /* Rubik-Black.ttf */,
				3C4B144621F576F700C7A443 /* Rubik-BlackItalic.ttf */,
				3C4B143D21F576F600C7A443 /* Rubik-Bold.ttf */,
				3C4B144521F576F700C7A443 /* Rubik-BoldItalic.ttf */,
				3C4B144421F576F700C7A443 /* Rubik-Italic.ttf */,
				3C4B144321F576F700C7A443 /* Rubik-Light.ttf */,
				3C4B144021F576F700C7A443 /* Rubik-LightItalic.ttf */,
				3C4B143E21F576F700C7A443 /* Rubik-Medium.ttf */,
				3C4B144221F576F700C7A443 /* Rubik-MediumItalic.ttf */,
				3C4B143F21F576F700C7A443 /* Rubik-Regular.ttf */,
			);
			path = Rubik;
			sourceTree = "<group>";
		};
		3C83D27121F573DA00115672 /* Helpers */ = {
			isa = PBXGroup;
			children = (
				3C83D27221F573E000115672 /* Extensions */,
			);
			path = Helpers;
			sourceTree = "<group>";
		};
		3C83D27221F573E000115672 /* Extensions */ = {
			isa = PBXGroup;
			children = (
				3C83D27321F573ED00115672 /* UIColorExtensions.swift */,
				3C4B145121F57DC200C7A443 /* UINavigationControllerExtensions.swift */,
			);
			path = Extensions;
			sourceTree = "<group>";
		};
		3C980D4B21EC0D0300C35739 = {
			isa = PBXGroup;
			children = (
				3C980D5621EC0D0300C35739 /* FoodPin */,
				3C980D5521EC0D0300C35739 /* Products */,
			);
			sourceTree = "<group>";
		};
		3C980D5521EC0D0300C35739 /* Products */ = {
			isa = PBXGroup;
			children = (
				3C980D5421EC0D0300C35739 /* FoodPin.app */,
			);
			name = Products;
			sourceTree = "<group>";
		};
		3C980D5621EC0D0300C35739 /* FoodPin */ = {
			isa = PBXGroup;
			children = (
				3C83D27121F573DA00115672 /* Helpers */,
				3C83D25121F5474A00115672 /* Resources */,
				3C980D5721EC0D0300C35739 /* AppDelegate.swift */,
				3C980D7121EC2E2E00C35739 /* Storyboard */,
				3C980D5E21EC0D0500C35739 /* Assets.xcassets */,
				3C980D6321EC0D0500C35739 /* Info.plist */,
				3C980D7221EC2E3E00C35739 /* Controller */,
				3C980D7321EC2E4400C35739 /* View */,
				3C980D7421EC2E4E00C35739 /* Model */,
			);
			path = FoodPin;
			sourceTree = "<group>";
		};
		3C980D7121EC2E2E00C35739 /* Storyboard */ = {
			isa = PBXGroup;
			children = (
				3C980D5B21EC0D0400C35739 /* Main.storyboard */,
				3C980D6021EC0D0500C35739 /* LaunchScreen.storyboard */,
			);
			path = Storyboard;
			sourceTree = "<group>";
		};
		3C980D7221EC2E3E00C35739 /* Controller */ = {
			isa = PBXGroup;
			children = (
				3C980D6921EC0E8B00C35739 /* RestaurantsTableViewController.swift */,
				3C980D6F21EC2DC900C35739 /* RestaurantDetailsViewController.swift */,
			);
			path = Controller;
			sourceTree = "<group>";
		};
		3C980D7321EC2E4400C35739 /* View */ = {
			isa = PBXGroup;
			children = (
				3C980D6B21EC0EA200C35739 /* RestaurantsTableViewCell.swift */,
				3C83D26A21F54FA900115672 /* RestaurantDetailsHeaderView.swift */,
				3C83D26C21F5650400115672 /* RestaurantDetailsIconTextCell.swift */,
				3C83D26E21F5669900115672 /* RestaurantDetailsTextCell.swift */,
			);
			path = View;
			sourceTree = "<group>";
		};
		3C980D7421EC2E4E00C35739 /* Model */ = {
			isa = PBXGroup;
			children = (
				3C980D6D21EC2B9400C35739 /* Restaurant.swift */,
			);
			path = Model;
			sourceTree = "<group>";
		};
/* End PBXGroup section */

/* Begin PBXNativeTarget section */
		3C980D5321EC0D0300C35739 /* FoodPin */ = {
			isa = PBXNativeTarget;
			buildConfigurationList = 3C980D6621EC0D0500C35739 /* Build configuration list for PBXNativeTarget "FoodPin" */;
			buildPhases = (
				3C980D5021EC0D0300C35739 /* Sources */,
				3C980D5121EC0D0300C35739 /* Frameworks */,
				3C980D5221EC0D0300C35739 /* Resources */,
			);
			buildRules = (
			);
			dependencies = (
			);
			name = FoodPin;
			productName = FoodPin;
			productReference = 3C980D5421EC0D0300C35739 /* FoodPin.app */;
			productType = "com.apple.product-type.application";
		};
/* End PBXNativeTarget section */

/* Begin PBXProject section */
		3C980D4C21EC0D0300C35739 /* Project object */ = {
			isa = PBXProject;
			attributes = {
				LastSwiftUpdateCheck = 1010;
				LastUpgradeCheck = 1010;
				ORGANIZATIONNAME = "Alexey Danilov";
				TargetAttributes = {
					3C980D5321EC0D0300C35739 = {
						CreatedOnToolsVersion = 10.1;
					};
				};
			};
			buildConfigurationList = 3C980D4F21EC0D0300C35739 /* Build configuration list for PBXProject "FoodPin" */;
			compatibilityVersion = "Xcode 9.3";
			developmentRegion = en;
			hasScannedForEncodings = 0;
			knownRegions = (
				en,
				Base,
			);
			mainGroup = 3C980D4B21EC0D0300C35739;
			productRefGroup = 3C980D5521EC0D0300C35739 /* Products */;
			projectDirPath = "";
			projectRoot = "";
			targets = (
				3C980D5321EC0D0300C35739 /* FoodPin */,
			);
		};
/* End PBXProject section */

/* Begin PBXResourcesBuildPhase section */
		3C980D5221EC0D0300C35739 /* Resources */ = {
			isa = PBXResourcesBuildPhase;
			buildActionMask = 2147483647;
			files = (
				3C980D6221EC0D0500C35739 /* LaunchScreen.storyboard in Resources */,
				3C4B144F21F576F700C7A443 /* Rubik-BoldItalic.ttf in Resources */,
				3C4B144C21F576F700C7A443 /* Rubik-MediumItalic.ttf in Resources */,
				3C4B144921F576F700C7A443 /* Rubik-Regular.ttf in Resources */,
				3C4B144B21F576F700C7A443 /* Rubik-Black.ttf in Resources */,
				3C4B144A21F576F700C7A443 /* Rubik-LightItalic.ttf in Resources */,
				3C4B144721F576F700C7A443 /* Rubik-Bold.ttf in Resources */,
				3C4B144E21F576F700C7A443 /* Rubik-Italic.ttf in Resources */,
				3C980D5F21EC0D0500C35739 /* Assets.xcassets in Resources */,
				3C4B145021F576F700C7A443 /* Rubik-BlackItalic.ttf in Resources */,
				3C4B144D21F576F700C7A443 /* Rubik-Light.ttf in Resources */,
				3C980D5D21EC0D0400C35739 /* Main.storyboard in Resources */,
				3C4B144821F576F700C7A443 /* Rubik-Medium.ttf in Resources */,
			);
			runOnlyForDeploymentPostprocessing = 0;
		};
/* End PBXResourcesBuildPhase section */

/* Begin PBXSourcesBuildPhase section */
		3C980D5021EC0D0300C35739 /* Sources */ = {
			isa = PBXSourcesBuildPhase;
			buildActionMask = 2147483647;
			files = (
				3C83D27421F573ED00115672 /* UIColorExtensions.swift in Sources */,
				3C83D26D21F5650400115672 /* RestaurantDetailsIconTextCell.swift in Sources */,
				3C980D6E21EC2B9400C35739 /* Restaurant.swift in Sources */,
				3C980D7021EC2DC900C35739 /* RestaurantDetailsViewController.swift in Sources */,
				3C980D6C21EC0EA200C35739 /* RestaurantsTableViewCell.swift in Sources */,
				3C4B145221F57DC200C7A443 /* UINavigationControllerExtensions.swift in Sources */,
				3C980D5821EC0D0300C35739 /* AppDelegate.swift in Sources */,
				3C980D6A21EC0E8B00C35739 /* RestaurantsTableViewController.swift in Sources */,
				3C83D26F21F5669900115672 /* RestaurantDetailsTextCell.swift in Sources */,
				3C83D26B21F54FA900115672 /* RestaurantDetailsHeaderView.swift in Sources */,
			);
			runOnlyForDeploymentPostprocessing = 0;
		};
/* End PBXSourcesBuildPhase section */

/* Begin PBXVariantGroup section */
		3C980D5B21EC0D0400C35739 /* Main.storyboard */ = {
			isa = PBXVariantGroup;
			children = (
				3C980D5C21EC0D0400C35739 /* Base */,
			);
			name = Main.storyboard;
			sourceTree = "<group>";
		};
		3C980D6021EC0D0500C35739 /* LaunchScreen.storyboard */ = {
			isa = PBXVariantGroup;
			children = (
				3C980D6121EC0D0500C35739 /* Base */,
			);
			name = LaunchScreen.storyboard;
			sourceTree = "<group>";
		};
/* End PBXVariantGroup section */

/* Begin XCBuildConfiguration section */
		3C980D6421EC0D0500C35739 /* Debug */ = {
			isa = XCBuildConfiguration;
			buildSettings = {
				ALWAYS_SEARCH_USER_PATHS = NO;
				CLANG_ANALYZER_NONNULL = YES;
				CLANG_ANALYZER_NUMBER_OBJECT_CONVERSION = YES_AGGRESSIVE;
				CLANG_CXX_LANGUAGE_STANDARD = "gnu++14";
				CLANG_CXX_LIBRARY = "libc++";
				CLANG_ENABLE_MODULES = YES;
				CLANG_ENABLE_OBJC_ARC = YES;
				CLANG_ENABLE_OBJC_WEAK = YES;
				CLANG_WARN_BLOCK_CAPTURE_AUTORELEASING = YES;
				CLANG_WARN_BOOL_CONVERSION = YES;
				CLANG_WARN_COMMA = YES;
				CLANG_WARN_CONSTANT_CONVERSION = YES;
				CLANG_WARN_DEPRECATED_OBJC_IMPLEMENTATIONS = YES;
				CLANG_WARN_DIRECT_OBJC_ISA_USAGE = YES_ERROR;
				CLANG_WARN_DOCUMENTATION_COMMENTS = YES;
				CLANG_WARN_EMPTY_BODY = YES;
				CLANG_WARN_ENUM_CONVERSION = YES;
				CLANG_WARN_INFINITE_RECURSION = YES;
				CLANG_WARN_INT_CONVERSION = YES;
				CLANG_WARN_NON_LITERAL_NULL_CONVERSION = YES;
				CLANG_WARN_OBJC_IMPLICIT_RETAIN_SELF = YES;
				CLANG_WARN_OBJC_LITERAL_CONVERSION = YES;
				CLANG_WARN_OBJC_ROOT_CLASS = YES_ERROR;
				CLANG_WARN_RANGE_LOOP_ANALYSIS = YES;
				CLANG_WARN_STRICT_PROTOTYPES = YES;
				CLANG_WARN_SUSPICIOUS_MOVE = YES;
				CLANG_WARN_UNGUARDED_AVAILABILITY = YES_AGGRESSIVE;
				CLANG_WARN_UNREACHABLE_CODE = YES;
				CLANG_WARN__DUPLICATE_METHOD_MATCH = YES;
				CODE_SIGN_IDENTITY = "iPhone Developer";
				COPY_PHASE_STRIP = NO;
				DEBUG_INFORMATION_FORMAT = dwarf;
				ENABLE_STRICT_OBJC_MSGSEND = YES;
				ENABLE_TESTABILITY = YES;
				GCC_C_LANGUAGE_STANDARD = gnu11;
				GCC_DYNAMIC_NO_PIC = NO;
				GCC_NO_COMMON_BLOCKS = YES;
				GCC_OPTIMIZATION_LEVEL = 0;
				GCC_PREPROCESSOR_DEFINITIONS = (
					"DEBUG=1",
					"$(inherited)",
				);
				GCC_WARN_64_TO_32_BIT_CONVERSION = YES;
				GCC_WARN_ABOUT_RETURN_TYPE = YES_ERROR;
				GCC_WARN_UNDECLARED_SELECTOR = YES;
				GCC_WARN_UNINITIALIZED_AUTOS = YES_AGGRESSIVE;
				GCC_WARN_UNUSED_FUNCTION = YES;
				GCC_WARN_UNUSED_VARIABLE = YES;
				IPHONEOS_DEPLOYMENT_TARGET = 12.1;
				MTL_ENABLE_DEBUG_INFO = INCLUDE_SOURCE;
				MTL_FAST_MATH = YES;
				ONLY_ACTIVE_ARCH = YES;
				SDKROOT = iphoneos;
				SWIFT_ACTIVE_COMPILATION_CONDITIONS = DEBUG;
				SWIFT_OPTIMIZATION_LEVEL = "-Onone";
			};
			name = Debug;
		};
		3C980D6521EC0D0500C35739 /* Release */ = {
			isa = XCBuildConfiguration;
			buildSettings = {
				ALWAYS_SEARCH_USER_PATHS = NO;
				CLANG_ANALYZER_NONNULL = YES;
				CLANG_ANALYZER_NUMBER_OBJECT_CONVERSION = YES_AGGRESSIVE;
				CLANG_CXX_LANGUAGE_STANDARD = "gnu++14";
				CLANG_CXX_LIBRARY = "libc++";
				CLANG_ENABLE_MODULES = YES;
				CLANG_ENABLE_OBJC_ARC = YES;
				CLANG_ENABLE_OBJC_WEAK = YES;
				CLANG_WARN_BLOCK_CAPTURE_AUTORELEASING = YES;
				CLANG_WARN_BOOL_CONVERSION = YES;
				CLANG_WARN_COMMA = YES;
				CLANG_WARN_CONSTANT_CONVERSION = YES;
				CLANG_WARN_DEPRECATED_OBJC_IMPLEMENTATIONS = YES;
				CLANG_WARN_DIRECT_OBJC_ISA_USAGE = YES_ERROR;
				CLANG_WARN_DOCUMENTATION_COMMENTS = YES;
				CLANG_WARN_EMPTY_BODY = YES;
				CLANG_WARN_ENUM_CONVERSION = YES;
				CLANG_WARN_INFINITE_RECURSION = YES;
				CLANG_WARN_INT_CONVERSION = YES;
				CLANG_WARN_NON_LITERAL_NULL_CONVERSION = YES;
				CLANG_WARN_OBJC_IMPLICIT_RETAIN_SELF = YES;
				CLANG_WARN_OBJC_LITERAL_CONVERSION = YES;
				CLANG_WARN_OBJC_ROOT_CLASS = YES_ERROR;
				CLANG_WARN_RANGE_LOOP_ANALYSIS = YES;
				CLANG_WARN_STRICT_PROTOTYPES = YES;
				CLANG_WARN_SUSPICIOUS_MOVE = YES;
				CLANG_WARN_UNGUARDED_AVAILABILITY = YES_AGGRESSIVE;
				CLANG_WARN_UNREACHABLE_CODE = YES;
				CLANG_WARN__DUPLICATE_METHOD_MATCH = YES;
				CODE_SIGN_IDENTITY = "iPhone Developer";
				COPY_PHASE_STRIP = NO;
				DEBUG_INFORMATION_FORMAT = "dwarf-with-dsym";
				ENABLE_NS_ASSERTIONS = NO;
				ENABLE_STRICT_OBJC_MSGSEND = YES;
				GCC_C_LANGUAGE_STANDARD = gnu11;
				GCC_NO_COMMON_BLOCKS = YES;
				GCC_WARN_64_TO_32_BIT_CONVERSION = YES;
				GCC_WARN_ABOUT_RETURN_TYPE = YES_ERROR;
				GCC_WARN_UNDECLARED_SELECTOR = YES;
				GCC_WARN_UNINITIALIZED_AUTOS = YES_AGGRESSIVE;
				GCC_WARN_UNUSED_FUNCTION = YES;
				GCC_WARN_UNUSED_VARIABLE = YES;
				IPHONEOS_DEPLOYMENT_TARGET = 12.1;
				MTL_ENABLE_DEBUG_INFO = NO;
				MTL_FAST_MATH = YES;
				SDKROOT = iphoneos;
				SWIFT_COMPILATION_MODE = wholemodule;
				SWIFT_OPTIMIZATION_LEVEL = "-O";
				VALIDATE_PRODUCT = YES;
			};
			name = Release;
		};
		3C980D6721EC0D0500C35739 /* Debug */ = {
			isa = XCBuildConfiguration;
			buildSettings = {
				ASSETCATALOG_COMPILER_APPICON_NAME = AppIcon;
				CODE_SIGN_STYLE = Automatic;
				DEVELOPMENT_TEAM = G8W4F2W6UL;
				INFOPLIST_FILE = FoodPin/Info.plist;
				LD_RUNPATH_SEARCH_PATHS = (
					"$(inherited)",
					"@executable_path/Frameworks",
				);
				PRODUCT_BUNDLE_IDENTIFIER = com.danilovdev.FoodPin;
				PRODUCT_NAME = "$(TARGET_NAME)";
				SWIFT_VERSION = 4.2;
				TARGETED_DEVICE_FAMILY = "1,2";
			};
			name = Debug;
		};
		3C980D6821EC0D0500C35739 /* Release */ = {
			isa = XCBuildConfiguration;
			buildSettings = {
				ASSETCATALOG_COMPILER_APPICON_NAME = AppIcon;
				CODE_SIGN_STYLE = Automatic;
				DEVELOPMENT_TEAM = G8W4F2W6UL;
				INFOPLIST_FILE = FoodPin/Info.plist;
				LD_RUNPATH_SEARCH_PATHS = (
					"$(inherited)",
					"@executable_path/Frameworks",
				);
				PRODUCT_BUNDLE_IDENTIFIER = com.danilovdev.FoodPin;
				PRODUCT_NAME = "$(TARGET_NAME)";
				SWIFT_VERSION = 4.2;
				TARGETED_DEVICE_FAMILY = "1,2";
			};
			name = Release;
		};
/* End XCBuildConfiguration section */

/* Begin XCConfigurationList section */
		3C980D4F21EC0D0300C35739 /* Build configuration list for PBXProject "FoodPin" */ = {
			isa = XCConfigurationList;
			buildConfigurations = (
				3C980D6421EC0D0500C35739 /* Debug */,
				3C980D6521EC0D0500C35739 /* Release */,
			);
			defaultConfigurationIsVisible = 0;
			defaultConfigurationName = Release;
		};
		3C980D6621EC0D0500C35739 /* Build configuration list for PBXNativeTarget "FoodPin" */ = {
			isa = XCConfigurationList;
			buildConfigurations = (
				3C980D6721EC0D0500C35739 /* Debug */,
				3C980D6821EC0D0500C35739 /* Release */,
			);
			defaultConfigurationIsVisible = 0;
			defaultConfigurationName = Release;
		};
/* End XCConfigurationList section */
	};
	rootObject = 3C980D4C21EC0D0300C35739 /* Project object */;
}
